// !$*UTF8*$!
{
	archiveVersion = 1;
	classes = {
	};
	objectVersion = 60;
	objects = {

/* Begin PBXBuildFile section */
		A3000001000000000001 /* Assets.xcassets in Resources */ = {isa = PBXBuildFile; fileRef = A3000001000000000002 /* Assets.xcassets */; };
		C1000001233456780001 /* WalletApp.swift in Sources */ = {isa = PBXBuildFile; fileRef = C1000001233456780011 /* WalletApp.swift */; };
		C1000001233456780002 /* ContentView.swift in Sources */ = {isa = PBXBuildFile; fileRef = C1000001233456780012 /* ContentView.swift */; };
		C1000001233456780099 /* Erc7730 in Frameworks */ = {isa = PBXBuildFile; productRef = C1000001233456780098 /* Erc7730 */; };
		D1000001000000000001 /* WalletViewModel.swift in Sources */ = {isa = PBXBuildFile; fileRef = D1000001000000000011 /* WalletViewModel.swift */; };
		D1000001000000000002 /* KeyManager.swift in Sources */ = {isa = PBXBuildFile; fileRef = D1000001000000000012 /* KeyManager.swift */; };
		D1000001000000000003 /* WalletConnectService.swift in Sources */ = {isa = PBXBuildFile; fileRef = D1000001000000000013 /* WalletConnectService.swift */; };
		D1000001000000000004 /* ClearSigningService.swift in Sources */ = {isa = PBXBuildFile; fileRef = D1000001000000000014 /* ClearSigningService.swift */; };
		D1000001000000000005 /* DisplayModelView.swift in Sources */ = {isa = PBXBuildFile; fileRef = D1000001000000000015 /* DisplayModelView.swift */; };
		D1000001000000000006 /* KeyImportSection.swift in Sources */ = {isa = PBXBuildFile; fileRef = D1000001000000000016 /* KeyImportSection.swift */; };
		D1000001000000000007 /* QRScannerSheet.swift in Sources */ = {isa = PBXBuildFile; fileRef = D1000001000000000017 /* QRScannerSheet.swift */; };
		D1000001000000000008 /* SessionProposalSheet.swift in Sources */ = {isa = PBXBuildFile; fileRef = D1000001000000000018 /* SessionProposalSheet.swift */; };
		D1000001000000000009 /* SessionRequestSheet.swift in Sources */ = {isa = PBXBuildFile; fileRef = D1000001000000000019 /* SessionRequestSheet.swift */; };
		D100000100000000000A /* ReownWalletKit in Frameworks */ = {isa = PBXBuildFile; productRef = D100000100000000000B /* ReownWalletKit */; };
		D100000100000000000C /* secp256k1 in Frameworks */ = {isa = PBXBuildFile; productRef = D100000100000000000D /* secp256k1 */; };
		D100000100000000000E /* CodeScanner in Frameworks */ = {isa = PBXBuildFile; productRef = D100000100000000000F /* CodeScanner */; };
		D1000001000000000060 /* Starscream in Frameworks */ = {isa = PBXBuildFile; productRef = D1000001000000000061 /* Starscream */; };
		D1000001000000000062 /* EvmSigningService.swift in Sources */ = {isa = PBXBuildFile; fileRef = D1000001000000000063 /* EvmSigningService.swift */; };
		D1000001000000000064 /* YttriumUtilsWrapper in Frameworks */ = {isa = PBXBuildFile; productRef = D1000001000000000065 /* YttriumUtilsWrapper */; };
		D1000001000000000069 /* Eip712Signer.swift in Sources */ = {isa = PBXBuildFile; fileRef = D1000001000000000068 /* Eip712Signer.swift */; };
		D1000001000000000071 /* TypedDataDiagnostics.swift in Sources */ = {isa = PBXBuildFile; fileRef = D1000001000000000070 /* TypedDataDiagnostics.swift */; };
		D1000001000000000073 /* CalldataDiagnostics.swift in Sources */ = {isa = PBXBuildFile; fileRef = D1000001000000000072 /* CalldataDiagnostics.swift */; };
		E2000001000000000001 /* WalletMetadataProvider.swift in Sources */ = {isa = PBXBuildFile; fileRef = E2000001000000000011 /* WalletMetadataProvider.swift */; };
		E2000001000000000002 /* tokens.json in Resources */ = {isa = PBXBuildFile; fileRef = E2000001000000000012 /* tokens.json */; };
		E2000001000000000003 /* WalletMetadataProviderTests.swift in Sources */ = {isa = PBXBuildFile; fileRef = E2000001000000000013 /* WalletMetadataProviderTests.swift */; };
		E2000001000000000005 /* Erc7730 in Frameworks */ = {isa = PBXBuildFile; productRef = C1000001233456780098 /* Erc7730 */; };
		E2000001000000000007 /* secp256k1 in Frameworks */ = {isa = PBXBuildFile; productRef = D100000100000000000D /* secp256k1 */; };
		E200000100000000000B /* KeyManager.swift in Sources */ = {isa = PBXBuildFile; fileRef = D1000001000000000012 /* KeyManager.swift */; };
		E200000100000000000C /* WalletMetadataProvider.swift in Sources */ = {isa = PBXBuildFile; fileRef = E2000001000000000011 /* WalletMetadataProvider.swift */; };
		F1000001000000000001 /* TokenMetadata.swift in Sources */ = {isa = PBXBuildFile; fileRef = F1000001000000000011 /* TokenMetadata.swift */; };
		F1000001000000000002 /* TokenMetadata.swift in Sources */ = {isa = PBXBuildFile; fileRef = F1000001000000000011 /* TokenMetadata.swift */; };
		F1000001000000000003 /* MetadataCache.swift in Sources */ = {isa = PBXBuildFile; fileRef = F1000001000000000012 /* MetadataCache.swift */; };
		F1000001000000000004 /* MetadataCache.swift in Sources */ = {isa = PBXBuildFile; fileRef = F1000001000000000012 /* MetadataCache.swift */; };
		F1000001000000000005 /* AlchemyClient.swift in Sources */ = {isa = PBXBuildFile; fileRef = F1000001000000000013 /* AlchemyClient.swift */; };
		F1000001000000000006 /* AlchemyClient.swift in Sources */ = {isa = PBXBuildFile; fileRef = F1000001000000000013 /* AlchemyClient.swift */; };
		F1000001000000000007 /* ENSResolver.swift in Sources */ = {isa = PBXBuildFile; fileRef = F1000001000000000014 /* ENSResolver.swift */; };
		F1000001000000000008 /* ENSResolver.swift in Sources */ = {isa = PBXBuildFile; fileRef = F1000001000000000014 /* ENSResolver.swift */; };
/* End PBXBuildFile section */

/* Begin PBXFileReference section */
		A3000001000000000002 /* Assets.xcassets */ = {isa = PBXFileReference; lastKnownFileType = folder.assetcatalog; path = Assets.xcassets; sourceTree = "<group>"; };
		C1000001233456780010 /* Wallet.app */ = {isa = PBXFileReference; explicitFileType = wrapper.application; includeInIndex = 0; path = Wallet.app; sourceTree = BUILT_PRODUCTS_DIR; };
		C1000001233456780011 /* WalletApp.swift */ = {isa = PBXFileReference; lastKnownFileType = sourcecode.swift; path = WalletApp.swift; sourceTree = "<group>"; };
		C1000001233456780012 /* ContentView.swift */ = {isa = PBXFileReference; lastKnownFileType = sourcecode.swift; path = ContentView.swift; sourceTree = "<group>"; };
		C1000001233456780013 /* Info.plist */ = {isa = PBXFileReference; lastKnownFileType = text.plist.xml; path = Info.plist; sourceTree = "<group>"; };
		D1000001000000000011 /* WalletViewModel.swift */ = {isa = PBXFileReference; lastKnownFileType = sourcecode.swift; path = WalletViewModel.swift; sourceTree = "<group>"; };
		D1000001000000000012 /* KeyManager.swift */ = {isa = PBXFileReference; lastKnownFileType = sourcecode.swift; path = KeyManager.swift; sourceTree = "<group>"; };
		D1000001000000000013 /* WalletConnectService.swift */ = {isa = PBXFileReference; lastKnownFileType = sourcecode.swift; path = WalletConnectService.swift; sourceTree = "<group>"; };
		D1000001000000000014 /* ClearSigningService.swift */ = {isa = PBXFileReference; lastKnownFileType = sourcecode.swift; path = ClearSigningService.swift; sourceTree = "<group>"; };
		D1000001000000000015 /* DisplayModelView.swift */ = {isa = PBXFileReference; lastKnownFileType = sourcecode.swift; path = DisplayModelView.swift; sourceTree = "<group>"; };
		D1000001000000000016 /* KeyImportSection.swift */ = {isa = PBXFileReference; lastKnownFileType = sourcecode.swift; path = KeyImportSection.swift; sourceTree = "<group>"; };
		D1000001000000000017 /* QRScannerSheet.swift */ = {isa = PBXFileReference; lastKnownFileType = sourcecode.swift; path = QRScannerSheet.swift; sourceTree = "<group>"; };
		D1000001000000000018 /* SessionProposalSheet.swift */ = {isa = PBXFileReference; lastKnownFileType = sourcecode.swift; path = SessionProposalSheet.swift; sourceTree = "<group>"; };
		D1000001000000000019 /* SessionRequestSheet.swift */ = {isa = PBXFileReference; lastKnownFileType = sourcecode.swift; path = SessionRequestSheet.swift; sourceTree = "<group>"; };
		D1000001000000000040 /* Config.xcconfig */ = {isa = PBXFileReference; lastKnownFileType = text.xcconfig; path = Config.xcconfig; sourceTree = SOURCE_ROOT; };
		D1000001000000000041 /* Wallet.entitlements */ = {isa = PBXFileReference; lastKnownFileType = text.plist.entitlements; path = Wallet.entitlements; sourceTree = "<group>"; };
		D1000001000000000063 /* EvmSigningService.swift */ = {isa = PBXFileReference; lastKnownFileType = sourcecode.swift; path = EvmSigningService.swift; sourceTree = "<group>"; };
		D1000001000000000068 /* Eip712Signer.swift */ = {isa = PBXFileReference; lastKnownFileType = sourcecode.swift; path = Eip712Signer.swift; sourceTree = "<group>"; };
		D1000001000000000070 /* TypedDataDiagnostics.swift */ = {isa = PBXFileReference; lastKnownFileType = sourcecode.swift; path = TypedDataDiagnostics.swift; sourceTree = "<group>"; };
		D1000001000000000072 /* CalldataDiagnostics.swift */ = {isa = PBXFileReference; lastKnownFileType = sourcecode.swift; path = CalldataDiagnostics.swift; sourceTree = "<group>"; };
		E2000001000000000011 /* WalletMetadataProvider.swift */ = {isa = PBXFileReference; lastKnownFileType = sourcecode.swift; path = WalletMetadataProvider.swift; sourceTree = "<group>"; };
		E2000001000000000012 /* tokens.json */ = {isa = PBXFileReference; lastKnownFileType = text.json; name = tokens.json; path = ../crates/erc7730/src/assets/tokens.json; sourceTree = SOURCE_ROOT; };
		E2000001000000000013 /* WalletMetadataProviderTests.swift */ = {isa = PBXFileReference; lastKnownFileType = sourcecode.swift; path = WalletMetadataProviderTests.swift; sourceTree = "<group>"; };
		E2000001000000000014 /* WalletTests.xctest */ = {isa = PBXFileReference; explicitFileType = wrapper.cfbundle; includeInIndex = 0; path = WalletTests.xctest; sourceTree = BUILT_PRODUCTS_DIR; };
		F1000001000000000011 /* TokenMetadata.swift */ = {isa = PBXFileReference; lastKnownFileType = sourcecode.swift; path = TokenMetadata.swift; sourceTree = "<group>"; };
		F1000001000000000012 /* MetadataCache.swift */ = {isa = PBXFileReference; lastKnownFileType = sourcecode.swift; path = MetadataCache.swift; sourceTree = "<group>"; };
		F1000001000000000013 /* AlchemyClient.swift */ = {isa = PBXFileReference; lastKnownFileType = sourcecode.swift; path = AlchemyClient.swift; sourceTree = "<group>"; };
		F1000001000000000014 /* ENSResolver.swift */ = {isa = PBXFileReference; lastKnownFileType = sourcecode.swift; path = ENSResolver.swift; sourceTree = "<group>"; };
/* End PBXFileReference section */

/* Begin PBXFrameworksBuildPhase section */
		C100000123345678000D /* Frameworks */ = {
			isa = PBXFrameworksBuildPhase;
			buildActionMask = 2147483647;
			files = (
				C1000001233456780099 /* Erc7730 in Frameworks */,
				D100000100000000000A /* ReownWalletKit in Frameworks */,
				D100000100000000000C /* secp256k1 in Frameworks */,
				D100000100000000000E /* CodeScanner in Frameworks */,
				D1000001000000000060 /* Starscream in Frameworks */,
				D1000001000000000064 /* YttriumUtilsWrapper in Frameworks */,
			);
			runOnlyForDeploymentPostprocessing = 0;
		};
		E2000001000000000022 /* Frameworks */ = {
			isa = PBXFrameworksBuildPhase;
			buildActionMask = 2147483647;
			files = (
				E2000001000000000005 /* Erc7730 in Frameworks */,
				E2000001000000000007 /* secp256k1 in Frameworks */,
			);
			runOnlyForDeploymentPostprocessing = 0;
		};
/* End PBXFrameworksBuildPhase section */

/* Begin PBXGroup section */
		44C044E22F61954D0028B291 /* Recovered References */ = {
			isa = PBXGroup;
			children = (
				D1000001000000000040 /* Config.xcconfig */,
			);
			name = "Recovered References";
			sourceTree = "<group>";
		};
		C1000001233456780003 = {
			isa = PBXGroup;
			children = (
				C1000001233456780004 /* Wallet */,
				E2000001000000000004 /* WalletTests */,
				C100000123345678000F /* Products */,
				44C044E22F61954D0028B291 /* Recovered References */,
			);
			sourceTree = "<group>";
		};
		C1000001233456780004 /* Wallet */ = {
			isa = PBXGroup;
			children = (
				A3000001000000000002 /* Assets.xcassets */,
				C1000001233456780011 /* WalletApp.swift */,
				C1000001233456780012 /* ContentView.swift */,
				D1000001000000000011 /* WalletViewModel.swift */,
				D1000001000000000020 /* Services */,
				D1000001000000000021 /* Views */,
				C1000001233456780013 /* Info.plist */,
				D1000001000000000041 /* Wallet.entitlements */,
			);
			path = Wallet;
			sourceTree = "<group>";
		};
		C100000123345678000F /* Products */ = {
			isa = PBXGroup;
			children = (
				C1000001233456780010 /* Wallet.app */,
				E2000001000000000014 /* WalletTests.xctest */,
			);
			name = Products;
			sourceTree = "<group>";
		};
		D1000001000000000020 /* Services */ = {
			isa = PBXGroup;
			children = (
				D1000001000000000012 /* KeyManager.swift */,
				D1000001000000000013 /* WalletConnectService.swift */,
				D1000001000000000014 /* ClearSigningService.swift */,
				D1000001000000000063 /* EvmSigningService.swift */,
				D1000001000000000068 /* Eip712Signer.swift */,
				D1000001000000000070 /* TypedDataDiagnostics.swift */,
				D1000001000000000072 /* CalldataDiagnostics.swift */,
				E2000001000000000011 /* WalletMetadataProvider.swift */,
				F1000001000000000011 /* TokenMetadata.swift */,
				F1000001000000000012 /* MetadataCache.swift */,
				F1000001000000000013 /* AlchemyClient.swift */,
				F1000001000000000014 /* ENSResolver.swift */,
				E2000001000000000012 /* tokens.json */,
			);
			path = Services;
			sourceTree = "<group>";
		};
		D1000001000000000021 /* Views */ = {
			isa = PBXGroup;
			children = (
				D1000001000000000015 /* DisplayModelView.swift */,
				D1000001000000000016 /* KeyImportSection.swift */,
				D1000001000000000017 /* QRScannerSheet.swift */,
				D1000001000000000018 /* SessionProposalSheet.swift */,
				D1000001000000000019 /* SessionRequestSheet.swift */,
			);
			path = Views;
			sourceTree = "<group>";
		};
		E2000001000000000004 /* WalletTests */ = {
			isa = PBXGroup;
			children = (
				E2000001000000000013 /* WalletMetadataProviderTests.swift */,
			);
			path = WalletTests;
			sourceTree = "<group>";
		};
/* End PBXGroup section */

/* Begin PBXNativeTarget section */
		C100000123345678000E /* Wallet */ = {
			isa = PBXNativeTarget;
			buildConfigurationList = C1000001233456780019 /* Build configuration list for PBXNativeTarget "Wallet" */;
			buildPhases = (
				C100000123345678000C /* Sources */,
				C100000123345678000D /* Frameworks */,
				C1000001233456780014 /* Resources */,
			);
			buildRules = (
			);
			dependencies = (
			);
			name = Wallet;
			packageProductDependencies = (
				C1000001233456780098 /* Erc7730 */,
				D100000100000000000B /* ReownWalletKit */,
				D100000100000000000D /* secp256k1 */,
				D100000100000000000F /* CodeScanner */,
				D1000001000000000061 /* Starscream */,
				D1000001000000000065 /* YttriumUtilsWrapper */,
			);
			productName = Wallet;
			productReference = C1000001233456780010 /* Wallet.app */;
			productType = "com.apple.product-type.application";
		};
		E2000001000000000025 /* WalletTests */ = {
			isa = PBXNativeTarget;
			buildConfigurationList = E2000001000000000032 /* Build configuration list for PBXNativeTarget "WalletTests" */;
			buildPhases = (
				E2000001000000000024 /* Sources */,
				E2000001000000000022 /* Frameworks */,
				E2000001000000000023 /* Resources */,
			);
			buildRules = (
			);
			dependencies = (
			);
			name = WalletTests;
			packageProductDependencies = (
				C1000001233456780098 /* Erc7730 */,
				D100000100000000000D /* secp256k1 */,
			);
			productName = WalletTests;
			productReference = E2000001000000000014 /* WalletTests.xctest */;
			productType = "com.apple.product-type.bundle.unit-test";
		};
/* End PBXNativeTarget section */

/* Begin PBXProject section */
		C1000001233456780005 /* Project object */ = {
			isa = PBXProject;
			attributes = {
				BuildIndependentTargetsInParallel = 1;
				LastSwiftUpdateCheck = 2600;
				LastUpgradeCheck = 2600;
				TargetAttributes = {
					C100000123345678000E = {
						CreatedOnToolsVersion = 16.0;
					};
					E2000001000000000025 = {
						CreatedOnToolsVersion = 16.0;
						TestTargetID = C100000123345678000E;
					};
				};
			};
			buildConfigurationList = C1000001233456780006 /* Build configuration list for PBXProject "Wallet" */;
			compatibilityVersion = "Xcode 14.0";
			developmentRegion = en;
			hasScannedForEncodings = 0;
			knownRegions = (
				en,
				Base,
			);
			mainGroup = C1000001233456780003;
			packageReferences = (
				C1000001233456780097 /* XCLocalSwiftPackageReference ".." */,
				D1000001000000000030 /* XCRemoteSwiftPackageReference "reown-swift" */,
				D1000001000000000031 /* XCRemoteSwiftPackageReference "swift-secp256k1" */,
				D1000001000000000032 /* XCRemoteSwiftPackageReference "CodeScanner" */,
				D1000001000000000033 /* XCRemoteSwiftPackageReference "Starscream" */,
			);
			productRefGroup = C100000123345678000F /* Products */;
			projectDirPath = "";
			projectRoot = "";
			targets = (
				C100000123345678000E /* Wallet */,
				E2000001000000000025 /* WalletTests */,
			);
		};
/* End PBXProject section */

/* Begin PBXResourcesBuildPhase section */
		C1000001233456780014 /* Resources */ = {
			isa = PBXResourcesBuildPhase;
			buildActionMask = 2147483647;
			files = (
				A3000001000000000001 /* Assets.xcassets in Resources */,
				E2000001000000000002 /* tokens.json in Resources */,
			);
			runOnlyForDeploymentPostprocessing = 0;
		};
		E2000001000000000023 /* Resources */ = {
			isa = PBXResourcesBuildPhase;
			buildActionMask = 2147483647;
			files = (
			);
			runOnlyForDeploymentPostprocessing = 0;
		};
/* End PBXResourcesBuildPhase section */

/* Begin PBXSourcesBuildPhase section */
		C100000123345678000C /* Sources */ = {
			isa = PBXSourcesBuildPhase;
			buildActionMask = 2147483647;
			files = (
				C1000001233456780001 /* WalletApp.swift in Sources */,
				C1000001233456780002 /* ContentView.swift in Sources */,
				D1000001000000000001 /* WalletViewModel.swift in Sources */,
				D1000001000000000002 /* KeyManager.swift in Sources */,
				D1000001000000000003 /* WalletConnectService.swift in Sources */,
				D1000001000000000004 /* ClearSigningService.swift in Sources */,
				D1000001000000000062 /* EvmSigningService.swift in Sources */,
				D1000001000000000069 /* Eip712Signer.swift in Sources */,
				D1000001000000000071 /* TypedDataDiagnostics.swift in Sources */,
				D1000001000000000073 /* CalldataDiagnostics.swift in Sources */,
				E2000001000000000001 /* WalletMetadataProvider.swift in Sources */,
				F1000001000000000001 /* TokenMetadata.swift in Sources */,
				F1000001000000000003 /* MetadataCache.swift in Sources */,
				F1000001000000000005 /* AlchemyClient.swift in Sources */,
				F1000001000000000007 /* ENSResolver.swift in Sources */,
				D1000001000000000005 /* DisplayModelView.swift in Sources */,
				D1000001000000000006 /* KeyImportSection.swift in Sources */,
				D1000001000000000007 /* QRScannerSheet.swift in Sources */,
				D1000001000000000008 /* SessionProposalSheet.swift in Sources */,
				D1000001000000000009 /* SessionRequestSheet.swift in Sources */,
			);
			runOnlyForDeploymentPostprocessing = 0;
		};
		E2000001000000000024 /* Sources */ = {
			isa = PBXSourcesBuildPhase;
			buildActionMask = 2147483647;
			files = (
				E200000100000000000B /* KeyManager.swift in Sources */,
				E200000100000000000C /* WalletMetadataProvider.swift in Sources */,
				F1000001000000000002 /* TokenMetadata.swift in Sources */,
				F1000001000000000004 /* MetadataCache.swift in Sources */,
				F1000001000000000006 /* AlchemyClient.swift in Sources */,
				F1000001000000000008 /* ENSResolver.swift in Sources */,
				E2000001000000000003 /* WalletMetadataProviderTests.swift in Sources */,
			);
			runOnlyForDeploymentPostprocessing = 0;
		};
/* End PBXSourcesBuildPhase section */

/* Begin XCBuildConfiguration section */
		C1000001233456780015 /* Debug */ = {
			isa = XCBuildConfiguration;
			baseConfigurationReference = D1000001000000000040 /* Config.xcconfig */;
			buildSettings = {
				ALWAYS_SEARCH_USER_PATHS = NO;
				CLANG_ENABLE_MODULES = YES;
				COPY_PHASE_STRIP = NO;
				DEBUG_INFORMATION_FORMAT = dwarf;
				ENABLE_STRICT_OBJC_MSGSEND = YES;
				ENABLE_USER_SCRIPT_SANDBOXING = YES;
				GCC_C_LANGUAGE_STANDARD = gnu17;
				GCC_OPTIMIZATION_LEVEL = 0;
				IPHONEOS_DEPLOYMENT_TARGET = 16.0;
				ONLY_ACTIVE_ARCH = YES;
				SDKROOT = iphoneos;
				SWIFT_ACTIVE_COMPILATION_CONDITIONS = "DEBUG $(inherited)";
				SWIFT_OPTIMIZATION_LEVEL = "-Onone";
			};
			name = Debug;
		};
		C1000001233456780016 /* Release */ = {
			isa = XCBuildConfiguration;
			baseConfigurationReference = D1000001000000000040 /* Config.xcconfig */;
			buildSettings = {
				ALWAYS_SEARCH_USER_PATHS = NO;
				CLANG_ENABLE_MODULES = YES;
				COPY_PHASE_STRIP = NO;
				DEBUG_INFORMATION_FORMAT = "dwarf-with-dsym";
				ENABLE_NS_ASSERTIONS = NO;
				ENABLE_STRICT_OBJC_MSGSEND = YES;
				ENABLE_USER_SCRIPT_SANDBOXING = YES;
				GCC_C_LANGUAGE_STANDARD = gnu17;
				IPHONEOS_DEPLOYMENT_TARGET = 16.0;
				SDKROOT = iphoneos;
				SWIFT_COMPILATION_MODE = wholemodule;
				VALIDATE_PRODUCT = YES;
			};
			name = Release;
		};
		C1000001233456780017 /* Debug */ = {
			isa = XCBuildConfiguration;
			buildSettings = {
				ASSETCATALOG_COMPILER_APPICON_NAME = AppIcon;
				CODE_SIGN_ENTITLEMENTS = Wallet/Wallet.entitlements;
				CODE_SIGN_STYLE = Automatic;
				CURRENT_PROJECT_VERSION = 2;
				DEFINES_MODULE = YES;
				DEVELOPMENT_TEAM = 9PQGD5TCSS;
				ENABLE_TESTABILITY = YES;
				GENERATE_INFOPLIST_FILE = NO;
				INFOPLIST_FILE = Wallet/Info.plist;
				LD_RUNPATH_SEARCH_PATHS = (
					"$(inherited)",
					"@executable_path/Frameworks",
				);
				MARKETING_VERSION = 1.0;
				PRODUCT_BUNDLE_IDENTIFIER = com.lucidumbrella.wallet;
				PRODUCT_NAME = "$(TARGET_NAME)";
				SWIFT_EMIT_LOC_STRINGS = YES;
				SWIFT_VERSION = 5.0;
				TARGETED_DEVICE_FAMILY = 1;
			};
			name = Debug;
		};
		C1000001233456780018 /* Release */ = {
			isa = XCBuildConfiguration;
			buildSettings = {
				ASSETCATALOG_COMPILER_APPICON_NAME = AppIcon;
				CODE_SIGN_ENTITLEMENTS = Wallet/Wallet.entitlements;
				CODE_SIGN_STYLE = Automatic;
				CURRENT_PROJECT_VERSION = 2;
				DEFINES_MODULE = YES;
				DEVELOPMENT_TEAM = 9PQGD5TCSS;
				GENERATE_INFOPLIST_FILE = NO;
				INFOPLIST_FILE = Wallet/Info.plist;
				LD_RUNPATH_SEARCH_PATHS = (
					"$(inherited)",
					"@executable_path/Frameworks",
				);
				MARKETING_VERSION = 1.0;
				PRODUCT_BUNDLE_IDENTIFIER = com.lucidumbrella.wallet;
				PRODUCT_NAME = "$(TARGET_NAME)";
				SWIFT_EMIT_LOC_STRINGS = YES;
				SWIFT_VERSION = 5.0;
				TARGETED_DEVICE_FAMILY = 1;
			};
			name = Release;
		};
		E2000001000000000030 /* Debug */ = {
			isa = XCBuildConfiguration;
			buildSettings = {
				CODE_SIGN_STYLE = Automatic;
				CURRENT_PROJECT_VERSION = 2;
				DEVELOPMENT_TEAM = "";
				ENABLE_TESTABILITY = YES;
				GENERATE_INFOPLIST_FILE = YES;
				IPHONEOS_DEPLOYMENT_TARGET = 16.0;
				LD_RUNPATH_SEARCH_PATHS = (
					"$(inherited)",
					"@executable_path/Frameworks",
					"@loader_path/Frameworks",
				);
				MARKETING_VERSION = 1.0;
				PRODUCT_BUNDLE_IDENTIFIER = com.lucidumbrella.walletTests;
				PRODUCT_NAME = "$(TARGET_NAME)";
				SWIFT_ACTIVE_COMPILATION_CONDITIONS = "DEBUG $(inherited)";
				SWIFT_INCLUDE_PATHS = "$(BUILT_PRODUCTS_DIR)";
				SWIFT_VERSION = 5.0;
				TARGETED_DEVICE_FAMILY = "1,2";
			};
			name = Debug;
		};
		E2000001000000000031 /* Release */ = {
			isa = XCBuildConfiguration;
			buildSettings = {
				CODE_SIGN_STYLE = Automatic;
				CURRENT_PROJECT_VERSION = 2;
				DEVELOPMENT_TEAM = "";
				GENERATE_INFOPLIST_FILE = YES;
				IPHONEOS_DEPLOYMENT_TARGET = 16.0;
				LD_RUNPATH_SEARCH_PATHS = (
					"$(inherited)",
					"@executable_path/Frameworks",
					"@loader_path/Frameworks",
				);
				MARKETING_VERSION = 1.0;
				PRODUCT_BUNDLE_IDENTIFIER = com.lucidumbrella.walletTests;
				PRODUCT_NAME = "$(TARGET_NAME)";
				SWIFT_INCLUDE_PATHS = "$(BUILT_PRODUCTS_DIR)";
				SWIFT_VERSION = 5.0;
				TARGETED_DEVICE_FAMILY = "1,2";
			};
			name = Release;
		};
/* End XCBuildConfiguration section */

/* Begin XCConfigurationList section */
		C1000001233456780006 /* Build configuration list for PBXProject "Wallet" */ = {
			isa = XCConfigurationList;
			buildConfigurations = (
				C1000001233456780015 /* Debug */,
				C1000001233456780016 /* Release */,
			);
			defaultConfigurationIsVisible = 0;
			defaultConfigurationName = Release;
		};
		C1000001233456780019 /* Build configuration list for PBXNativeTarget "Wallet" */ = {
			isa = XCConfigurationList;
			buildConfigurations = (
				C1000001233456780017 /* Debug */,
				C1000001233456780018 /* Release */,
			);
			defaultConfigurationIsVisible = 0;
			defaultConfigurationName = Release;
		};
		E2000001000000000032 /* Build configuration list for PBXNativeTarget "WalletTests" */ = {
			isa = XCConfigurationList;
			buildConfigurations = (
				E2000001000000000030 /* Debug */,
				E2000001000000000031 /* Release */,
			);
			defaultConfigurationIsVisible = 0;
			defaultConfigurationName = Release;
		};
/* End XCConfigurationList section */

/* Begin XCLocalSwiftPackageReference section */
		C1000001233456780097 /* XCLocalSwiftPackageReference ".." */ = {
			isa = XCLocalSwiftPackageReference;
			relativePath = ..;
		};
/* End XCLocalSwiftPackageReference section */

/* Begin XCRemoteSwiftPackageReference section */
		D1000001000000000030 /* XCRemoteSwiftPackageReference "reown-swift" */ = {
			isa = XCRemoteSwiftPackageReference;
			repositoryURL = "https://github.com/reown-com/reown-swift";
			requirement = {
				kind = upToNextMinorVersion;
				minimumVersion = 2.1.0;
			};
		};
		D1000001000000000031 /* XCRemoteSwiftPackageReference "swift-secp256k1" */ = {
			isa = XCRemoteSwiftPackageReference;
			repositoryURL = "https://github.com/21-DOT-DEV/swift-secp256k1";
			requirement = {
				kind = exactVersion;
				version = 0.18.0;
			};
		};
		D1000001000000000032 /* XCRemoteSwiftPackageReference "CodeScanner" */ = {
			isa = XCRemoteSwiftPackageReference;
			repositoryURL = "https://github.com/twostraws/CodeScanner";
			requirement = {
				kind = upToNextMajorVersion;
				minimumVersion = 2.0.0;
			};
		};
		D1000001000000000033 /* XCRemoteSwiftPackageReference "Starscream" */ = {
			isa = XCRemoteSwiftPackageReference;
			repositoryURL = "https://github.com/daltoniam/Starscream";
			requirement = {
				kind = exactVersion;
				version = 3.1.2;
			};
		};
/* End XCRemoteSwiftPackageReference section */

/* Begin XCSwiftPackageProductDependency section */
		C1000001233456780098 /* Erc7730 */ = {
			isa = XCSwiftPackageProductDependency;
			package = C1000001233456780097 /* XCLocalSwiftPackageReference ".." */;
			productName = Erc7730;
		};
		D100000100000000000B /* ReownWalletKit */ = {
			isa = XCSwiftPackageProductDependency;
			package = D1000001000000000030 /* XCRemoteSwiftPackageReference "reown-swift" */;
			productName = ReownWalletKit;
		};
		D100000100000000000D /* secp256k1 */ = {
			isa = XCSwiftPackageProductDependency;
			package = D1000001000000000031 /* XCRemoteSwiftPackageReference "swift-secp256k1" */;
			productName = secp256k1;
		};
		D100000100000000000F /* CodeScanner */ = {
			isa = XCSwiftPackageProductDependency;
			package = D1000001000000000032 /* XCRemoteSwiftPackageReference "CodeScanner" */;
			productName = CodeScanner;
		};
		D1000001000000000061 /* Starscream */ = {
			isa = XCSwiftPackageProductDependency;
			package = D1000001000000000033 /* XCRemoteSwiftPackageReference "Starscream" */;
			productName = Starscream;
		};
		D1000001000000000065 /* YttriumUtilsWrapper */ = {
			isa = XCSwiftPackageProductDependency;
			package = D1000001000000000030 /* XCRemoteSwiftPackageReference "reown-swift" */;
			productName = YttriumUtilsWrapper;
		};
/* End XCSwiftPackageProductDependency section */
	};
	rootObject = C1000001233456780005 /* Project object */;
}
